
Microsoft Visual Studio Solution File, Format Version 12.00
# Visual Studio 14
VisualStudioVersion = 14.0.23107.0
MinimumVisualStudioVersion = 10.0.40219.1
Project("{FAE04EC0-301F-11D3-BF4B-00C04F79EFBC}") = "CH.Domain.Greeter", "CH.Domain.Greeter\CH.Domain.Greeter.csproj", "{D3526AFB-4910-45D7-906F-01670221EDE9}"
EndProject
Project("{FAE04EC0-301F-11D3-BF4B-00C04F79EFBC}") = "CH.Greeter.Tests", "CH.Greeter.Tests\CH.Greeter.Tests.csproj", "{9ED57973-970C-4402-A15E-889D8D378BBB}"
EndProject
Project("{FAE04EC0-301F-11D3-BF4B-00C04F79EFBC}") = "CH.Api.Greeter", "CH.Api.Greeter\CH.Api.Greeter.csproj", "{B179AAE1-BEBB-48AF-AB7B-E4C57543E5EE}"
EndProject
Project("{FAE04EC0-301F-11D3-BF4B-00C04F79EFBC}") = "CH.Console.Greeter", "CH.Console.Greeter\CH.Console.Greeter.csproj", "{DFC0FAE1-9722-4A8F-AFEC-2F0C4635533C}"
EndProject
Project("{FAE04EC0-301F-11D3-BF4B-00C04F79EFBC}") = "CH.Application.Greeter", "CH.Application.Greeter\CH.Application.Greeter.csproj", "{277E5767-D89B-4009-9416-BD9B8D0204D8}"
EndProject
Global
	GlobalSection(SolutionConfigurationPlatforms) = preSolution
		Debug|Any CPU = Debug|Any CPU
		Release|Any CPU = Release|Any CPU
	EndGlobalSection
	GlobalSection(ProjectConfigurationPlatforms) = postSolution
		{D3526AFB-4910-45D7-906F-01670221EDE9}.Debug|Any CPU.ActiveCfg = Debug|Any CPU
		{D3526AFB-4910-45D7-906F-01670221EDE9}.Debug|Any CPU.Build.0 = Debug|Any CPU
		{D3526AFB-4910-45D7-906F-01670221EDE9}.Release|Any CPU.ActiveCfg = Release|Any CPU
		{D3526AFB-4910-45D7-906F-01670221EDE9}.Release|Any CPU.Build.0 = Release|Any CPU
		{9ED57973-970C-4402-A15E-889D8D378BBB}.Debug|Any CPU.ActiveCfg = Debug|Any CPU
		{9ED57973-970C-4402-A15E-889D8D378BBB}.Debug|Any CPU.Build.0 = Debug|Any CPU
		{9ED57973-970C-4402-A15E-889D8D378BBB}.Release|Any CPU.ActiveCfg = Release|Any CPU
		{9ED57973-970C-4402-A15E-889D8D378BBB}.Release|Any CPU.Build.0 = Release|Any CPU
		{B179AAE1-BEBB-48AF-AB7B-E4C57543E5EE}.Debug|Any CPU.ActiveCfg = Debug|Any CPU
		{B179AAE1-BEBB-48AF-AB7B-E4C57543E5EE}.Debug|Any CPU.Build.0 = Debug|Any CPU
		{B179AAE1-BEBB-48AF-AB7B-E4C57543E5EE}.Release|Any CPU.ActiveCfg = Release|Any CPU
		{B179AAE1-BEBB-48AF-AB7B-E4C57543E5EE}.Release|Any CPU.Build.0 = Release|Any CPU
		{DFC0FAE1-9722-4A8F-AFEC-2F0C4635533C}.Debug|Any CPU.ActiveCfg = Debug|Any CPU
		{DFC0FAE1-9722-4A8F-AFEC-2F0C4635533C}.Debug|Any CPU.Build.0 = Debug|Any CPU
		{DFC0FAE1-9722-4A8F-AFEC-2F0C4635533C}.Release|Any CPU.ActiveCfg = Release|Any CPU
		{DFC0FAE1-9722-4A8F-AFEC-2F0C4635533C}.Release|Any CPU.Build.0 = Release|Any CPU
		{277E5767-D89B-4009-9416-BD9B8D0204D8}.Debug|Any CPU.ActiveCfg = Debug|Any CPU
		{277E5767-D89B-4009-9416-BD9B8D0204D8}.Debug|Any CPU.Build.0 = Debug|Any CPU
		{277E5767-D89B-4009-9416-BD9B8D0204D8}.Release|Any CPU.ActiveCfg = Release|Any CPU
		{277E5767-D89B-4009-9416-BD9B8D0204D8}.Release|Any CPU.Build.0 = Release|Any CPU
	EndGlobalSection
	GlobalSection(SolutionProperties) = preSolution
		HideSolutionNode = FALSE
	EndGlobalSection
EndGlobal
